
Microsoft Visual Studio Solution File, Format Version 12.00
# Visual Studio Version 17
VisualStudioVersion = 17.9.34902.65
MinimumVisualStudioVersion = 10.0.40219.1
Project("{FAE04EC0-301F-11D3-BF4B-00C04F79EFBC}") = "FlyListRazor", "FlyListRazor\FlyListRazor.csproj", "{87557079-E09F-4D89-836F-A1F22BDF2698}"
EndProject
Global
	GlobalSection(SolutionConfigurationPlatforms) = preSolution
		Debug|Any CPU = Debug|Any CPU
		Release|Any CPU = Release|Any CPU
	EndGlobalSection
	GlobalSection(ProjectConfigurationPlatforms) = postSolution
		{87557079-E09F-4D89-836F-A1F22BDF2698}.Debug|Any CPU.ActiveCfg = Debug|Any CPU
		{87557079-E09F-4D89-836F-A1F22BDF2698}.Debug|Any CPU.Build.0 = Debug|Any CPU
		{87557079-E09F-4D89-836F-A1F22BDF2698}.Release|Any CPU.ActiveCfg = Release|Any CPU
		{87557079-E09F-4D89-836F-A1F22BDF2698}.Release|Any CPU.Build.0 = Release|Any CPU
	EndGlobalSection
	GlobalSection(SolutionProperties) = preSolution
		HideSolutionNode = FALSE
	EndGlobalSection
	GlobalSection(ExtensibilityGlobals) = postSolution
		SolutionGuid = {5586F587-F552-400F-8EF0-2214D7B1782C}
	EndGlobalSection
EndGlobal
